
Microsoft Visual Studio Solution File, Format Version 12.00
# Visual Studio Version 16
VisualStudioVersion = 16.0.30717.126
MinimumVisualStudioVersion = 10.0.40219.1
Project("{FAE04EC0-301F-11D3-BF4B-00C04F79EFBC}") = "ProyectoNet2", "ProyectoNet2\ProyectoNet2.csproj", "{F757F773-B9B7-41C4-AC6C-8C062654F58B}"
EndProject
Global
	GlobalSection(SolutionConfigurationPlatforms) = preSolution
		Debug|Any CPU = Debug|Any CPU
		Release|Any CPU = Release|Any CPU
	EndGlobalSection
	GlobalSection(ProjectConfigurationPlatforms) = postSolution
		{F757F773-B9B7-41C4-AC6C-8C062654F58B}.Debug|Any CPU.ActiveCfg = Debug|Any CPU
		{F757F773-B9B7-41C4-AC6C-8C062654F58B}.Debug|Any CPU.Build.0 = Debug|Any CPU
		{F757F773-B9B7-41C4-AC6C-8C062654F58B}.Release|Any CPU.ActiveCfg = Release|Any CPU
		{F757F773-B9B7-41C4-AC6C-8C062654F58B}.Release|Any CPU.Build.0 = Release|Any CPU
	EndGlobalSection
	GlobalSection(SolutionProperties) = preSolution
		HideSolutionNode = FALSE
	EndGlobalSection
	GlobalSection(ExtensibilityGlobals) = postSolution
		SolutionGuid = {48919E30-7ABA-44AE-A22C-CA723843FBD8}
	EndGlobalSection
EndGlobal
